
Microsoft Visual Studio Solution File, Format Version 11.00
# Visual Studio 2010
Project("{8BC9CEB8-8B4A-11D0-8D11-00A0C91BC942}") = "R2C_initial", "R2C_initial\R2C_initial.vcxproj", "{A9682FFF-E92B-4E9B-AA39-678EB4442F08}"
EndProject
Global
	GlobalSection(SolutionConfigurationPlatforms) = preSolution
		Debug|Win32 = Debug|Win32
		Release|Win32 = Release|Win32
	EndGlobalSection
	GlobalSection(ProjectConfigurationPlatforms) = postSolution
		{A9682FFF-E92B-4E9B-AA39-678EB4442F08}.Debug|Win32.ActiveCfg = Debug|Win32
		{A9682FFF-E92B-4E9B-AA39-678EB4442F08}.Debug|Win32.Build.0 = Debug|Win32
		{A9682FFF-E92B-4E9B-AA39-678EB4442F08}.Release|Win32.ActiveCfg = Release|Win32
		{A9682FFF-E92B-4E9B-AA39-678EB4442F08}.Release|Win32.Build.0 = Release|Win32
	EndGlobalSection
	GlobalSection(SolutionProperties) = preSolution
		HideSolutionNode = FALSE
	EndGlobalSection
EndGlobal
